
Microsoft Visual Studio Solution File, Format Version 12.00
# Visual Studio 2012
Project("{FAE04EC0-301F-11D3-BF4B-00C04F79EFBC}") = "BizTalkComponents.PipelineComponents.HttpXmlValidator", "Src\HttpXmlValidator\BizTalkComponents.PipelineComponents.HttpXmlValidator.csproj", "{27EE1D9D-33F7-4915-AF37-7D124B40437D}"
EndProject
Global
	GlobalSection(SolutionConfigurationPlatforms) = preSolution
		Debug|Any CPU = Debug|Any CPU
		Release|Any CPU = Release|Any CPU
	EndGlobalSection
	GlobalSection(ProjectConfigurationPlatforms) = postSolution
		{27EE1D9D-33F7-4915-AF37-7D124B40437D}.Debug|Any CPU.ActiveCfg = Debug|Any CPU
		{27EE1D9D-33F7-4915-AF37-7D124B40437D}.Debug|Any CPU.Build.0 = Debug|Any CPU
		{27EE1D9D-33F7-4915-AF37-7D124B40437D}.Release|Any CPU.ActiveCfg = Release|Any CPU
		{27EE1D9D-33F7-4915-AF37-7D124B40437D}.Release|Any CPU.Build.0 = Release|Any CPU
	EndGlobalSection
	GlobalSection(SolutionProperties) = preSolution
		HideSolutionNode = FALSE
	EndGlobalSection
EndGlobal
